<?xml version="1.0" encoding="UTF-8"?>
<CodeBlocks_project_file>
	<FileVersion major="1" minor="6"/>
	<Project>
		<Option title="laba"/>
		<Option makefile_is_custom="1"/>
		<Option compiler="clang"/>
		<Option virtualFolders="CMake Files\;CMake Files\..\;CMake Files\..\..\;CMake Files\..\..\..\;CMake Files\..\..\..\..\;CMake Files\..\..\..\..\usr\;CMake Files\..\..\..\..\usr\local\;CMake Files\..\..\..\..\usr\local\lib\;CMake Files\..\..\..\..\usr\local\lib\cmake\;CMake Files\..\..\..\..\usr\local\lib\cmake\SDL2\;"/>
		<Build>
			<Target title="all">
				<Option working_dir="/Users/kirill/CLion/MatrixProj"/>
				<Option type="4"/>
				<MakeCommands>
					<Build command="/usr/bin/make -j4 -f &quot;/Users/kirill/CLion/MatrixProj/Makefile&quot;  VERBOSE=1 all"/>
					<CompileFile command="/usr/bin/make -j4 -f &quot;/Users/kirill/CLion/MatrixProj/Makefile&quot;  VERBOSE=1 &quot;$file&quot;"/>
					<Clean command="/usr/bin/make -j4 -f &quot;/Users/kirill/CLion/MatrixProj/Makefile&quot;  VERBOSE=1 clean"/>
					<DistClean command="/usr/bin/make -j4 -f &quot;/Users/kirill/CLion/MatrixProj/Makefile&quot;  VERBOSE=1 clean"/>
				</MakeCommands>
			</Target>
			<Target title="rebuild_cache">
				<Option working_dir="/Users/kirill/CLion/MatrixProj"/>
				<Option type="4"/>
				<MakeCommands>
					<Build command="/usr/bin/make -j4 -f &quot;/Users/kirill/CLion/MatrixProj/Makefile&quot;  VERBOSE=1 rebuild_cache"/>
					<CompileFile command="/usr/bin/make -j4 -f &quot;/Users/kirill/CLion/MatrixProj/Makefile&quot;  VERBOSE=1 &quot;$file&quot;"/>
					<Clean command="/usr/bin/make -j4 -f &quot;/Users/kirill/CLion/MatrixProj/Makefile&quot;  VERBOSE=1 clean"/>
					<DistClean command="/usr/bin/make -j4 -f &quot;/Users/kirill/CLion/MatrixProj/Makefile&quot;  VERBOSE=1 clean"/>
				</MakeCommands>
			</Target>
			<Target title="edit_cache">
				<Option working_dir="/Users/kirill/CLion/MatrixProj"/>
				<Option type="4"/>
				<MakeCommands>
					<Build command="/usr/bin/make -j4 -f &quot;/Users/kirill/CLion/MatrixProj/Makefile&quot;  VERBOSE=1 edit_cache"/>
					<CompileFile command="/usr/bin/make -j4 -f &quot;/Users/kirill/CLion/MatrixProj/Makefile&quot;  VERBOSE=1 &quot;$file&quot;"/>
					<Clean command="/usr/bin/make -j4 -f &quot;/Users/kirill/CLion/MatrixProj/Makefile&quot;  VERBOSE=1 clean"/>
					<DistClean command="/usr/bin/make -j4 -f &quot;/Users/kirill/CLion/MatrixProj/Makefile&quot;  VERBOSE=1 clean"/>
				</MakeCommands>
			</Target>
			<Target title="laba">
				<Option output="/Users/kirill/CLion/MatrixProj/laba" prefix_auto="0" extension_auto="0"/>
				<Option working_dir="/Users/kirill/CLion/MatrixProj"/>
				<Option object_output="./"/>
				<Option type="1"/>
				<Option compiler="clang"/>
				<Compiler>
					<Add directory="/usr/local/Cellar/sdl2/2.0.7/include/SDL2"/>
					<Add directory="/Library/Developer/CommandLineTools/usr/include/c++/v1"/>
					<Add directory="/usr/local/include"/>
					<Add directory="/Library/Developer/CommandLineTools/usr/lib/clang/9.0.0/include"/>
					<Add directory="/Library/Developer/CommandLineTools/usr/include"/>
					<Add directory="/usr/include"/>
					<Add directory="/System/Library/Frameworks"/>
					<Add directory="/Library/Frameworks"/>
				</Compiler>
				<MakeCommands>
					<Build command="/usr/bin/make -j4 -f &quot;/Users/kirill/CLion/MatrixProj/Makefile&quot;  VERBOSE=1 laba"/>
					<CompileFile command="/usr/bin/make -j4 -f &quot;/Users/kirill/CLion/MatrixProj/Makefile&quot;  VERBOSE=1 &quot;$file&quot;"/>
					<Clean command="/usr/bin/make -j4 -f &quot;/Users/kirill/CLion/MatrixProj/Makefile&quot;  VERBOSE=1 clean"/>
					<DistClean command="/usr/bin/make -j4 -f &quot;/Users/kirill/CLion/MatrixProj/Makefile&quot;  VERBOSE=1 clean"/>
				</MakeCommands>
			</Target>
			<Target title="laba/fast">
				<Option output="/Users/kirill/CLion/MatrixProj/laba" prefix_auto="0" extension_auto="0"/>
				<Option working_dir="/Users/kirill/CLion/MatrixProj"/>
				<Option object_output="./"/>
				<Option type="1"/>
				<Option compiler="clang"/>
				<Compiler>
					<Add directory="/usr/local/Cellar/sdl2/2.0.7/include/SDL2"/>
					<Add directory="/Library/Developer/CommandLineTools/usr/include/c++/v1"/>
					<Add directory="/usr/local/include"/>
					<Add directory="/Library/Developer/CommandLineTools/usr/lib/clang/9.0.0/include"/>
					<Add directory="/Library/Developer/CommandLineTools/usr/include"/>
					<Add directory="/usr/include"/>
					<Add directory="/System/Library/Frameworks"/>
					<Add directory="/Library/Frameworks"/>
				</Compiler>
				<MakeCommands>
					<Build command="/usr/bin/make -j4 -f &quot;/Users/kirill/CLion/MatrixProj/Makefile&quot;  VERBOSE=1 laba/fast"/>
					<CompileFile command="/usr/bin/make -j4 -f &quot;/Users/kirill/CLion/MatrixProj/Makefile&quot;  VERBOSE=1 &quot;$file&quot;"/>
					<Clean command="/usr/bin/make -j4 -f &quot;/Users/kirill/CLion/MatrixProj/Makefile&quot;  VERBOSE=1 clean"/>
					<DistClean command="/usr/bin/make -j4 -f &quot;/Users/kirill/CLion/MatrixProj/Makefile&quot;  VERBOSE=1 clean"/>
				</MakeCommands>
			</Target>
		</Build>
		<Unit filename="/Users/kirill/CLion/MatrixProj/Controller.h">
			<Option target="laba"/>
		</Unit>
		<Unit filename="/Users/kirill/CLion/MatrixProj/Line.h">
			<Option target="laba"/>
		</Unit>
		<Unit filename="/Users/kirill/CLion/MatrixProj/Matrix.h">
			<Option target="laba"/>
		</Unit>
		<Unit filename="/Users/kirill/CLion/MatrixProj/Shape.h">
			<Option target="laba"/>
		</Unit>
		<Unit filename="/Users/kirill/CLion/MatrixProj/main.cpp">
			<Option target="laba"/>
		</Unit>
		<Unit filename="/Users/kirill/CLion/MatrixProj/CMakeLists.txt">
			<Option virtualFolder="CMake Files\"/>
		</Unit>
		<Unit filename="/Users/kirill/CLion/MatrixProj/../../../../usr/local/lib/cmake/SDL2/sdl2-config.cmake">
			<Option virtualFolder="CMake Files\..\..\..\..\usr\local\lib\cmake\SDL2\"/>
		</Unit>
	</Project>
</CodeBlocks_project_file>
